
Microsoft Visual Studio Solution File, Format Version 12.00
# Visual Studio Version 17
VisualStudioVersion = 17.5.002.0
MinimumVisualStudioVersion = 10.0.40219.1
Project("{9A19103F-16F7-4668-BE54-9A1E7A4F7556}") = "Paralax", "Paralax.csproj", "{64419A2C-C2F5-4259-9CC0-17DB33C56176}"
EndProject
Global
	GlobalSection(SolutionConfigurationPlatforms) = preSolution
		Debug|Any CPU = Debug|Any CPU
		Release|Any CPU = Release|Any CPU
	EndGlobalSection
	GlobalSection(ProjectConfigurationPlatforms) = postSolution
		{64419A2C-C2F5-4259-9CC0-17DB33C56176}.Debug|Any CPU.ActiveCfg = Debug|Any CPU
		{64419A2C-C2F5-4259-9CC0-17DB33C56176}.Debug|Any CPU.Build.0 = Debug|Any CPU
		{64419A2C-C2F5-4259-9CC0-17DB33C56176}.Release|Any CPU.ActiveCfg = Release|Any CPU
		{64419A2C-C2F5-4259-9CC0-17DB33C56176}.Release|Any CPU.Build.0 = Release|Any CPU
	EndGlobalSection
	GlobalSection(SolutionProperties) = preSolution
		HideSolutionNode = FALSE
	EndGlobalSection
	GlobalSection(ExtensibilityGlobals) = postSolution
		SolutionGuid = {9F88403E-22C9-44B4-A949-4ED9F7B0BE43}
	EndGlobalSection
EndGlobal
