
Microsoft Visual Studio Solution File, Format Version 12.00
# Visual Studio Version 17
VisualStudioVersion = 17.5.002.0
MinimumVisualStudioVersion = 10.0.40219.1
Project("{9A19103F-16F7-4668-BE54-9A1E7A4F7556}") = "Paralax.WebApi.Scalar", "Paralax.WebApi.Scalar.csproj", "{68907E70-D596-4CC5-82E3-CEFB8AEE215D}"
EndProject
Global
	GlobalSection(SolutionConfigurationPlatforms) = preSolution
		Debug|Any CPU = Debug|Any CPU
		Release|Any CPU = Release|Any CPU
	EndGlobalSection
	GlobalSection(ProjectConfigurationPlatforms) = postSolution
		{68907E70-D596-4CC5-82E3-CEFB8AEE215D}.Debug|Any CPU.ActiveCfg = Debug|Any CPU
		{68907E70-D596-4CC5-82E3-CEFB8AEE215D}.Debug|Any CPU.Build.0 = Debug|Any CPU
		{68907E70-D596-4CC5-82E3-CEFB8AEE215D}.Release|Any CPU.ActiveCfg = Release|Any CPU
		{68907E70-D596-4CC5-82E3-CEFB8AEE215D}.Release|Any CPU.Build.0 = Release|Any CPU
	EndGlobalSection
	GlobalSection(SolutionProperties) = preSolution
		HideSolutionNode = FALSE
	EndGlobalSection
	GlobalSection(ExtensibilityGlobals) = postSolution
		SolutionGuid = {114FDA7B-F29A-48FE-AAC5-554ABB4B63FD}
	EndGlobalSection
EndGlobal
