
Microsoft Visual Studio Solution File, Format Version 12.00
# Visual Studio Version 17
VisualStudioVersion = 17.5.002.0
MinimumVisualStudioVersion = 10.0.40219.1
Project("{9A19103F-16F7-4668-BE54-9A1E7A4F7556}") = "Paralax.Metrics.Prometheus", "Paralax.Metrics.Prometheus.csproj", "{B4EF25A1-5BCA-4222-8A46-68267A0781DC}"
EndProject
Global
	GlobalSection(SolutionConfigurationPlatforms) = preSolution
		Debug|Any CPU = Debug|Any CPU
		Release|Any CPU = Release|Any CPU
	EndGlobalSection
	GlobalSection(ProjectConfigurationPlatforms) = postSolution
		{B4EF25A1-5BCA-4222-8A46-68267A0781DC}.Debug|Any CPU.ActiveCfg = Debug|Any CPU
		{B4EF25A1-5BCA-4222-8A46-68267A0781DC}.Debug|Any CPU.Build.0 = Debug|Any CPU
		{B4EF25A1-5BCA-4222-8A46-68267A0781DC}.Release|Any CPU.ActiveCfg = Release|Any CPU
		{B4EF25A1-5BCA-4222-8A46-68267A0781DC}.Release|Any CPU.Build.0 = Release|Any CPU
	EndGlobalSection
	GlobalSection(SolutionProperties) = preSolution
		HideSolutionNode = FALSE
	EndGlobalSection
	GlobalSection(ExtensibilityGlobals) = postSolution
		SolutionGuid = {355BC97E-3934-420D-A3BF-E1F21586AC88}
	EndGlobalSection
EndGlobal
