
Microsoft Visual Studio Solution File, Format Version 12.00
# Visual Studio Version 17
VisualStudioVersion = 17.5.002.0
MinimumVisualStudioVersion = 10.0.40219.1
Project("{9A19103F-16F7-4668-BE54-9A1E7A4F7556}") = "Paralax.Tracing.Jaeger.RabbitMQ", "Paralax.Tracing.Jaeger.RabbitMQ.csproj", "{BDC7C53E-ABC4-4866-AAD4-796538039661}"
EndProject
Global
	GlobalSection(SolutionConfigurationPlatforms) = preSolution
		Debug|Any CPU = Debug|Any CPU
		Release|Any CPU = Release|Any CPU
	EndGlobalSection
	GlobalSection(ProjectConfigurationPlatforms) = postSolution
		{BDC7C53E-ABC4-4866-AAD4-796538039661}.Debug|Any CPU.ActiveCfg = Debug|Any CPU
		{BDC7C53E-ABC4-4866-AAD4-796538039661}.Debug|Any CPU.Build.0 = Debug|Any CPU
		{BDC7C53E-ABC4-4866-AAD4-796538039661}.Release|Any CPU.ActiveCfg = Release|Any CPU
		{BDC7C53E-ABC4-4866-AAD4-796538039661}.Release|Any CPU.Build.0 = Release|Any CPU
	EndGlobalSection
	GlobalSection(SolutionProperties) = preSolution
		HideSolutionNode = FALSE
	EndGlobalSection
	GlobalSection(ExtensibilityGlobals) = postSolution
		SolutionGuid = {539599BC-9DEA-456B-961A-D7A3673CA653}
	EndGlobalSection
EndGlobal
