
Microsoft Visual Studio Solution File, Format Version 12.00
# Visual Studio Version 17
VisualStudioVersion = 17.5.002.0
MinimumVisualStudioVersion = 10.0.40219.1
Project("{9A19103F-16F7-4668-BE54-9A1E7A4F7556}") = "Paralax.Docs.Scalar", "Paralax.Docs.Scalar.csproj", "{84CBEA8A-92F8-49C0-9C0A-6D4CD9D8FB29}"
EndProject
Global
	GlobalSection(SolutionConfigurationPlatforms) = preSolution
		Debug|Any CPU = Debug|Any CPU
		Release|Any CPU = Release|Any CPU
	EndGlobalSection
	GlobalSection(ProjectConfigurationPlatforms) = postSolution
		{84CBEA8A-92F8-49C0-9C0A-6D4CD9D8FB29}.Debug|Any CPU.ActiveCfg = Debug|Any CPU
		{84CBEA8A-92F8-49C0-9C0A-6D4CD9D8FB29}.Debug|Any CPU.Build.0 = Debug|Any CPU
		{84CBEA8A-92F8-49C0-9C0A-6D4CD9D8FB29}.Release|Any CPU.ActiveCfg = Release|Any CPU
		{84CBEA8A-92F8-49C0-9C0A-6D4CD9D8FB29}.Release|Any CPU.Build.0 = Release|Any CPU
	EndGlobalSection
	GlobalSection(SolutionProperties) = preSolution
		HideSolutionNode = FALSE
	EndGlobalSection
	GlobalSection(ExtensibilityGlobals) = postSolution
		SolutionGuid = {BDD20DF0-A693-456A-8685-780161C65F94}
	EndGlobalSection
EndGlobal
