
Microsoft Visual Studio Solution File, Format Version 12.00
# Visual Studio Version 17
VisualStudioVersion = 17.5.002.0
MinimumVisualStudioVersion = 10.0.40219.1
Project("{9A19103F-16F7-4668-BE54-9A1E7A4F7556}") = "Paralax.Persistence.MongoDB", "Paralax.Persistence.MongoDB.csproj", "{D59EDA84-972C-414F-BB80-1166CDFB3122}"
EndProject
Global
	GlobalSection(SolutionConfigurationPlatforms) = preSolution
		Debug|Any CPU = Debug|Any CPU
		Release|Any CPU = Release|Any CPU
	EndGlobalSection
	GlobalSection(ProjectConfigurationPlatforms) = postSolution
		{D59EDA84-972C-414F-BB80-1166CDFB3122}.Debug|Any CPU.ActiveCfg = Debug|Any CPU
		{D59EDA84-972C-414F-BB80-1166CDFB3122}.Debug|Any CPU.Build.0 = Debug|Any CPU
		{D59EDA84-972C-414F-BB80-1166CDFB3122}.Release|Any CPU.ActiveCfg = Release|Any CPU
		{D59EDA84-972C-414F-BB80-1166CDFB3122}.Release|Any CPU.Build.0 = Release|Any CPU
	EndGlobalSection
	GlobalSection(SolutionProperties) = preSolution
		HideSolutionNode = FALSE
	EndGlobalSection
	GlobalSection(ExtensibilityGlobals) = postSolution
		SolutionGuid = {BF19367F-7EAF-4E59-816D-11B2CCB0D562}
	EndGlobalSection
EndGlobal
