
Microsoft Visual Studio Solution File, Format Version 12.00
# Visual Studio Version 17
VisualStudioVersion = 17.5.002.0
MinimumVisualStudioVersion = 10.0.40219.1
Project("{9A19103F-16F7-4668-BE54-9A1E7A4F7556}") = "Paralax.Auth.Distributed", "Paralax.Auth.Distributed.csproj", "{45BCCCC7-3C9B-4F1A-B4A0-F68293AB6FFE}"
EndProject
Global
	GlobalSection(SolutionConfigurationPlatforms) = preSolution
		Debug|Any CPU = Debug|Any CPU
		Release|Any CPU = Release|Any CPU
	EndGlobalSection
	GlobalSection(ProjectConfigurationPlatforms) = postSolution
		{45BCCCC7-3C9B-4F1A-B4A0-F68293AB6FFE}.Debug|Any CPU.ActiveCfg = Debug|Any CPU
		{45BCCCC7-3C9B-4F1A-B4A0-F68293AB6FFE}.Debug|Any CPU.Build.0 = Debug|Any CPU
		{45BCCCC7-3C9B-4F1A-B4A0-F68293AB6FFE}.Release|Any CPU.ActiveCfg = Release|Any CPU
		{45BCCCC7-3C9B-4F1A-B4A0-F68293AB6FFE}.Release|Any CPU.Build.0 = Release|Any CPU
	EndGlobalSection
	GlobalSection(SolutionProperties) = preSolution
		HideSolutionNode = FALSE
	EndGlobalSection
	GlobalSection(ExtensibilityGlobals) = postSolution
		SolutionGuid = {DE76C25E-6F45-4DD9-B605-AB6993227CA8}
	EndGlobalSection
EndGlobal
